
Microsoft Visual Studio Solution File, Format Version 12.00
# Visual Studio Version 17
VisualStudioVersion = 17.9.34607.119
MinimumVisualStudioVersion = 10.0.40219.1
Project("{9A19103F-16F7-4668-BE54-9A1E7A4F7556}") = "BookHub.WPF", "BookHub.WPF\BookHub.WPF.csproj", "{6A3569D7-D1F2-4DBA-B507-618F10F6BC3B}"
EndProject
Project("{9A19103F-16F7-4668-BE54-9A1E7A4F7556}") = "BookHub.BLL", "BookHub.BLL\BookHub.BLL.csproj", "{D049E8C9-AD55-4A47-81ED-1D20C2CA0323}"
EndProject
Project("{FAE04EC0-301F-11D3-BF4B-00C04F79EFBC}") = "BookHub.DAL", "BookHub.DAL\BookHub.DAL.csproj", "{7FFF3CA4-95DE-4E8A-B3DC-E1408C36F7A2}"
EndProject
Global
	GlobalSection(SolutionConfigurationPlatforms) = preSolution
		Debug|Any CPU = Debug|Any CPU
		Release|Any CPU = Release|Any CPU
	EndGlobalSection
	GlobalSection(ProjectConfigurationPlatforms) = postSolution
		{6A3569D7-D1F2-4DBA-B507-618F10F6BC3B}.Debug|Any CPU.ActiveCfg = Debug|Any CPU
		{6A3569D7-D1F2-4DBA-B507-618F10F6BC3B}.Debug|Any CPU.Build.0 = Debug|Any CPU
		{6A3569D7-D1F2-4DBA-B507-618F10F6BC3B}.Release|Any CPU.ActiveCfg = Release|Any CPU
		{6A3569D7-D1F2-4DBA-B507-618F10F6BC3B}.Release|Any CPU.Build.0 = Release|Any CPU
		{D049E8C9-AD55-4A47-81ED-1D20C2CA0323}.Debug|Any CPU.ActiveCfg = Debug|Any CPU
		{D049E8C9-AD55-4A47-81ED-1D20C2CA0323}.Debug|Any CPU.Build.0 = Debug|Any CPU
		{D049E8C9-AD55-4A47-81ED-1D20C2CA0323}.Release|Any CPU.ActiveCfg = Release|Any CPU
		{D049E8C9-AD55-4A47-81ED-1D20C2CA0323}.Release|Any CPU.Build.0 = Release|Any CPU
		{7FFF3CA4-95DE-4E8A-B3DC-E1408C36F7A2}.Debug|Any CPU.ActiveCfg = Debug|Any CPU
		{7FFF3CA4-95DE-4E8A-B3DC-E1408C36F7A2}.Debug|Any CPU.Build.0 = Debug|Any CPU
		{7FFF3CA4-95DE-4E8A-B3DC-E1408C36F7A2}.Release|Any CPU.ActiveCfg = Release|Any CPU
		{7FFF3CA4-95DE-4E8A-B3DC-E1408C36F7A2}.Release|Any CPU.Build.0 = Release|Any CPU
	EndGlobalSection
	GlobalSection(SolutionProperties) = preSolution
		HideSolutionNode = FALSE
	EndGlobalSection
	GlobalSection(ExtensibilityGlobals) = postSolution
		SolutionGuid = {0A9AF4D7-2D46-468B-A3B6-02CA04DC00E2}
	EndGlobalSection
EndGlobal
